
Microsoft Visual Studio Solution File, Format Version 12.00
# Visual Studio Version 17
VisualStudioVersion = 17.1.32414.318
MinimumVisualStudioVersion = 10.0.40219.1
Project("{FAE04EC0-301F-11D3-BF4B-00C04F79EFBC}") = "compiler", "compiler\compiler.csproj", "{0B866DA4-AFF8-4CE1-A58F-37E006D3FAA2}"
EndProject
Global
	GlobalSection(SolutionConfigurationPlatforms) = preSolution
		Debug|Any CPU = Debug|Any CPU
		Release|Any CPU = Release|Any CPU
	EndGlobalSection
	GlobalSection(ProjectConfigurationPlatforms) = postSolution
		{0B866DA4-AFF8-4CE1-A58F-37E006D3FAA2}.Debug|Any CPU.ActiveCfg = Debug|Any CPU
		{0B866DA4-AFF8-4CE1-A58F-37E006D3FAA2}.Debug|Any CPU.Build.0 = Debug|Any CPU
		{0B866DA4-AFF8-4CE1-A58F-37E006D3FAA2}.Release|Any CPU.ActiveCfg = Release|Any CPU
		{0B866DA4-AFF8-4CE1-A58F-37E006D3FAA2}.Release|Any CPU.Build.0 = Release|Any CPU
	EndGlobalSection
	GlobalSection(SolutionProperties) = preSolution
		HideSolutionNode = FALSE
	EndGlobalSection
	GlobalSection(ExtensibilityGlobals) = postSolution
		SolutionGuid = {CAA68F28-0AB8-4FE9-AD8B-56F345405E22}
	EndGlobalSection
EndGlobal
